
Microsoft Visual Studio Solution File, Format Version 12.00
Project("{2150E333-8FDC-42A3-9474-1A3956D46DE8}") = "Solution Items", "Solution Items", "{AE569EE1-6694-47B3-BD88-C46F4B151F09}"
	ProjectSection(SolutionItems) = preProject
		docker-compose.yml = docker-compose.yml
		Directory.Packages.props = Directory.Packages.props
		.gitignore = .gitignore
		.editorconfig = .editorconfig
	EndProjectSection
EndProject
Project("{FAE04EC0-301F-11D3-BF4B-00C04F79EFBC}") = "Logliven.Postgres", "Logliven.Postgres\Logliven.Postgres.csproj", "{1E8A6008-2EF0-4EB9-8D31-40DEDE460BF6}"
EndProject
Project("{FAE04EC0-301F-11D3-BF4B-00C04F79EFBC}") = "Logliven.Discord", "Logliven.Discord\Logliven.Discord.csproj", "{AFD515F9-B9F5-4323-82C0-99F88B942412}"
EndProject
Project("{FAE04EC0-301F-11D3-BF4B-00C04F79EFBC}") = "Logliven.Common", "Logliven.Common\Logliven.Common.csproj", "{5951590F-C5AE-4C56-AAA4-F413B8C81447}"
EndProject
Project("{FAE04EC0-301F-11D3-BF4B-00C04F79EFBC}") = "Logliven", "Logliven\Logliven.csproj", "{B587670B-01CC-455A-849D-BD8911348433}"
EndProject
Project("{FAE04EC0-301F-11D3-BF4B-00C04F79EFBC}") = "Logliven.Client", "Logliven.Client\Logliven.Client.csproj", "{25848F6C-5402-4DBE-864C-0FC2F14CC713}"
EndProject
Project("{FAE04EC0-301F-11D3-BF4B-00C04F79EFBC}") = "Aspire.ServiceDefaults", "Aspire.ServiceDefaults\Aspire.ServiceDefaults.csproj", "{837AD34C-D931-45DB-AF56-DD1A58C32C5B}"
EndProject
Project("{FAE04EC0-301F-11D3-BF4B-00C04F79EFBC}") = "Aspire.AppHost", "Aspire.AppHost\Aspire.AppHost.csproj", "{77A4DE01-D4B0-4A47-9CC1-B7A338ABC0D8}"
EndProject
Global
	GlobalSection(SolutionConfigurationPlatforms) = preSolution
		Debug|Any CPU = Debug|Any CPU
		Release|Any CPU = Release|Any CPU
	EndGlobalSection
	GlobalSection(ProjectConfigurationPlatforms) = postSolution
		{1E8A6008-2EF0-4EB9-8D31-40DEDE460BF6}.Debug|Any CPU.ActiveCfg = Debug|Any CPU
		{1E8A6008-2EF0-4EB9-8D31-40DEDE460BF6}.Debug|Any CPU.Build.0 = Debug|Any CPU
		{1E8A6008-2EF0-4EB9-8D31-40DEDE460BF6}.Release|Any CPU.ActiveCfg = Release|Any CPU
		{1E8A6008-2EF0-4EB9-8D31-40DEDE460BF6}.Release|Any CPU.Build.0 = Release|Any CPU
		{AFD515F9-B9F5-4323-82C0-99F88B942412}.Debug|Any CPU.ActiveCfg = Debug|Any CPU
		{AFD515F9-B9F5-4323-82C0-99F88B942412}.Debug|Any CPU.Build.0 = Debug|Any CPU
		{AFD515F9-B9F5-4323-82C0-99F88B942412}.Release|Any CPU.ActiveCfg = Release|Any CPU
		{AFD515F9-B9F5-4323-82C0-99F88B942412}.Release|Any CPU.Build.0 = Release|Any CPU
		{5951590F-C5AE-4C56-AAA4-F413B8C81447}.Debug|Any CPU.ActiveCfg = Debug|Any CPU
		{5951590F-C5AE-4C56-AAA4-F413B8C81447}.Debug|Any CPU.Build.0 = Debug|Any CPU
		{5951590F-C5AE-4C56-AAA4-F413B8C81447}.Release|Any CPU.ActiveCfg = Release|Any CPU
		{5951590F-C5AE-4C56-AAA4-F413B8C81447}.Release|Any CPU.Build.0 = Release|Any CPU
		{B587670B-01CC-455A-849D-BD8911348433}.Debug|Any CPU.ActiveCfg = Debug|Any CPU
		{B587670B-01CC-455A-849D-BD8911348433}.Debug|Any CPU.Build.0 = Debug|Any CPU
		{B587670B-01CC-455A-849D-BD8911348433}.Release|Any CPU.ActiveCfg = Release|Any CPU
		{B587670B-01CC-455A-849D-BD8911348433}.Release|Any CPU.Build.0 = Release|Any CPU
		{25848F6C-5402-4DBE-864C-0FC2F14CC713}.Debug|Any CPU.ActiveCfg = Debug|Any CPU
		{25848F6C-5402-4DBE-864C-0FC2F14CC713}.Debug|Any CPU.Build.0 = Debug|Any CPU
		{25848F6C-5402-4DBE-864C-0FC2F14CC713}.Release|Any CPU.ActiveCfg = Release|Any CPU
		{25848F6C-5402-4DBE-864C-0FC2F14CC713}.Release|Any CPU.Build.0 = Release|Any CPU
		{837AD34C-D931-45DB-AF56-DD1A58C32C5B}.Debug|Any CPU.ActiveCfg = Debug|Any CPU
		{837AD34C-D931-45DB-AF56-DD1A58C32C5B}.Debug|Any CPU.Build.0 = Debug|Any CPU
		{837AD34C-D931-45DB-AF56-DD1A58C32C5B}.Release|Any CPU.ActiveCfg = Release|Any CPU
		{837AD34C-D931-45DB-AF56-DD1A58C32C5B}.Release|Any CPU.Build.0 = Release|Any CPU
		{77A4DE01-D4B0-4A47-9CC1-B7A338ABC0D8}.Debug|Any CPU.ActiveCfg = Debug|Any CPU
		{77A4DE01-D4B0-4A47-9CC1-B7A338ABC0D8}.Debug|Any CPU.Build.0 = Debug|Any CPU
		{77A4DE01-D4B0-4A47-9CC1-B7A338ABC0D8}.Release|Any CPU.ActiveCfg = Release|Any CPU
		{77A4DE01-D4B0-4A47-9CC1-B7A338ABC0D8}.Release|Any CPU.Build.0 = Release|Any CPU
	EndGlobalSection
EndGlobal
